
Microsoft Visual Studio Solution File, Format Version 12.00
# Visual Studio Version 16
VisualStudioVersion = 16.0.31019.35
MinimumVisualStudioVersion = 10.0.40219.1
Project("{9A19103F-16F7-4668-BE54-9A1E7A4F7556}") = "DBRelationsEF", "DBRelationsEF\DBRelationsEF.csproj", "{1E7BA812-C1DD-4032-ACA8-13C1D0E38A6A}"
EndProject
Project("{FAE04EC0-301F-11D3-BF4B-00C04F79EFBC}") = "DBRelationsEF.Domain", "DBRelationsEF.Domain\DBRelationsEF.Domain.csproj", "{D827197B-AD49-47FA-9EBC-E7613A0958B1}"
EndProject
Global
	GlobalSection(SolutionConfigurationPlatforms) = preSolution
		Debug|Any CPU = Debug|Any CPU
		Release|Any CPU = Release|Any CPU
	EndGlobalSection
	GlobalSection(ProjectConfigurationPlatforms) = postSolution
		{1E7BA812-C1DD-4032-ACA8-13C1D0E38A6A}.Debug|Any CPU.ActiveCfg = Debug|Any CPU
		{1E7BA812-C1DD-4032-ACA8-13C1D0E38A6A}.Debug|Any CPU.Build.0 = Debug|Any CPU
		{1E7BA812-C1DD-4032-ACA8-13C1D0E38A6A}.Release|Any CPU.ActiveCfg = Release|Any CPU
		{1E7BA812-C1DD-4032-ACA8-13C1D0E38A6A}.Release|Any CPU.Build.0 = Release|Any CPU
		{D827197B-AD49-47FA-9EBC-E7613A0958B1}.Debug|Any CPU.ActiveCfg = Debug|Any CPU
		{D827197B-AD49-47FA-9EBC-E7613A0958B1}.Debug|Any CPU.Build.0 = Debug|Any CPU
		{D827197B-AD49-47FA-9EBC-E7613A0958B1}.Release|Any CPU.ActiveCfg = Release|Any CPU
		{D827197B-AD49-47FA-9EBC-E7613A0958B1}.Release|Any CPU.Build.0 = Release|Any CPU
	EndGlobalSection
	GlobalSection(SolutionProperties) = preSolution
		HideSolutionNode = FALSE
	EndGlobalSection
	GlobalSection(ExtensibilityGlobals) = postSolution
		SolutionGuid = {3DBC7B50-C293-4516-9EAF-910BB722FBE6}
	EndGlobalSection
EndGlobal
